{
  "originHash" : "9260e8256c35f7e6275f0dba813acdc79c2d92619e36e5ed6b5b1966078090bb",
  "pins" : [
    {
      "identity" : "apextensions",
      "kind" : "remoteSourceControl",
      "location" : "https://github.com/APUtils/APExtensions.git",
      "state" : {
        "revision" : "5fae820be3bdf3975faca29200e430b3c18a825d",
        "version" : "15.0.1"
      }
    },
    {
      "identity" : "routablelogger",
      "kind" : "remoteSourceControl",
      "location" : "https://github.com/anton-plebanovich/RoutableLogger.git",
      "state" : {
        "revision" : "e544488de124ab2a72a4e2490759ab6a8a084701",
        "version" : "2.0.0"
      }
    },
    {
      "identity" : "rxgesture",
      "kind" : "remoteSourceControl",
      "location" : "https://github.com/RxSwiftCommunity/RxGesture.git",
      "state" : {
        "revision" : "1b137c576b4aaaab949235752278956697c9e4a0",
        "version" : "4.0.4"
      }
    },
    {
      "identity" : "rxswift",
      "kind" : "remoteSourceControl",
      "location" : "https://github.com/ReactiveX/RxSwift.git",
      "state" : {
        "revision" : "5dd1907d64f0d36f158f61a466bab75067224893",
        "version" : "6.9.0"
      }
    },
    {
      "identity" : "rxswiftext",
      "kind" : "remoteSourceControl",
      "location" : "https://github.com/RxSwiftCommunity/RxSwiftExt.git",
      "state" : {
        "revision" : "eb4adf9f00a21b3efc3869a5218a6d7517e95222",
        "version" : "6.2.1"
      }
    },
    {
      "identity" : "rxutils",
      "kind" : "remoteSourceControl",
      "location" : "https://github.com/APUtils/RxUtils.git",
      "state" : {
        "revision" : "9c63ff1259e83941f0957180ecf918ddd0e03468",
        "version" : "5.0.1"
      }
    }
  ],
  "version" : 3
}
