PODS:
  - APPropertyWrappers (2.1.2):
    - APPropertyWrappers/Core (= 2.1.2)
    - APPropertyWrappers/RxSwift (= 2.1.2)
  - APPropertyWrappers/Core (2.1.2):
    - LogsManager/RoutableLogger (>= 9.1.5)
  - APPropertyWrappers/RxSwift (2.1.2):
    - APPropertyWrappers/Core
    - RxCocoa
    - RxSwift
  - LogsManager/RoutableLogger (9.1.5)
  - RxCocoa (6.1.0):
    - RxRelay (= 6.1.0)
    - RxSwift (= 6.1.0)
  - RxRelay (6.1.0):
    - RxSwift (= 6.1.0)
  - RxSwift (6.1.0)

DEPENDENCIES:
  - APPropertyWrappers (from `../`)

SPEC REPOS:
  trunk:
    - LogsManager
    - RxCocoa
    - RxRelay
    - RxSwift

EXTERNAL SOURCES:
  APPropertyWrappers:
    :path: "../"

SPEC CHECKSUMS:
  APPropertyWrappers: 2d9e9643632f3a178b7ccbff0f5280ddb6a7129e
  LogsManager: e821cea87e608e96cf39a68009d830579098a2cb
  RxCocoa: 5c51f02d562cbd94629f6c26cf0c80fe4ab8d343
  RxRelay: 483e1a19fad961b41f0b0c0bee506f46c1ae14fe
  RxSwift: a834e5c538e89eca0cae86f403f4fbf0336786ce

PODFILE CHECKSUM: 11220db83ccefd713a010a6c33c984e4683e38c5

COCOAPODS: 1.10.1
