PODS:
  - APExtensions/Occupiable (12.0.1)
  - APExtensions/OptionalType (12.0.1)
  - APPropertyWrappers/Core (3.1.0):
    - APExtensions/OptionalType
    - RoutableLogger (>= 9.1.5)
  - APPropertyWrappers/RxSwift (3.1.0):
    - APPropertyWrappers/Core
    - RxCocoa
    - RxSwift
    - RxUtils
  - iOSSnapshotTestCase (8.0.0):
    - iOSSnapshotTestCase/SwiftSupport (= 8.0.0)
  - iOSSnapshotTestCase/Core (8.0.0)
  - iOSSnapshotTestCase/SwiftSupport (8.0.0):
    - iOSSnapshotTestCase/Core
  - Nimble (10.0.0)
  - Nimble-Snapshots (9.4.0):
    - Nimble-Snapshots/Core (= 9.4.0)
  - Nimble-Snapshots/Core (9.4.0):
    - iOSSnapshotTestCase (~> 8.0)
    - Nimble
  - Quick (5.0.1)
  - RoutableLogger (12.0.2)
  - RxCocoa (6.5.0):
    - RxRelay (= 6.5.0)
    - RxSwift (= 6.5.0)
  - RxRelay (6.5.0):
    - RxSwift (= 6.5.0)
  - RxSwift (6.5.0)
  - RxSwiftExt (6.0.1):
    - RxSwiftExt/Core (= 6.0.1)
    - RxSwiftExt/RxCocoa (= 6.0.1)
  - RxSwiftExt/Core (6.0.1):
    - RxSwift (~> 6.0)
  - RxSwiftExt/RxCocoa (6.0.1):
    - RxCocoa (~> 6.0)
    - RxSwiftExt/Core
  - RxUtils (4.2.0):
    - APExtensions/Occupiable (>= 11)
    - APExtensions/OptionalType (>= 11)
    - RoutableLogger (>= 9.1.5)
    - RxCocoa (>= 6)
    - RxSwift (>= 6)
    - RxSwiftExt (>= 6)

DEPENDENCIES:
  - APPropertyWrappers/RxSwift (from `../`)
  - Nimble
  - Nimble-Snapshots
  - Quick

SPEC REPOS:
  trunk:
    - APExtensions
    - iOSSnapshotTestCase
    - Nimble
    - Nimble-Snapshots
    - Quick
    - RoutableLogger
    - RxCocoa
    - RxRelay
    - RxSwift
    - RxSwiftExt
    - RxUtils

EXTERNAL SOURCES:
  APPropertyWrappers:
    :path: "../"

SPEC CHECKSUMS:
  APExtensions: a83d157a1bf42e97261f8139b39d97f9d2fe074a
  APPropertyWrappers: ef70d66ab27ef2963884269c3fd457d2c6b4d21f
  iOSSnapshotTestCase: a670511f9ee3829c2b9c23e6e68f315fd7b6790f
  Nimble: 5316ef81a170ce87baf72dd961f22f89a602ff84
  Nimble-Snapshots: ef281b908c604f78c8313587e25ea92c8ab513d7
  Quick: 749aa754fd1e7d984f2000fe051e18a3a9809179
  RoutableLogger: 5437307106ecb12ede54836f575348694d1a7f19
  RxCocoa: 94f817b71c07517321eb4f9ad299112ca8af743b
  RxRelay: 1de1523e604c72b6c68feadedd1af3b1b4d0ecbd
  RxSwift: 5710a9e6b17f3c3d6e40d6e559b9fa1e813b2ef8
  RxSwiftExt: d61c4b9b06e0a448041b1c659e0f1b5c5a035afc
  RxUtils: 3dd9b87ba7a50eb0e1ef33ca8e1c50f57d51902c

PODFILE CHECKSUM: 1cb9a5451bda4407345f7acefb753b92942abedc

COCOAPODS: 1.12.0
