PODS:
  - APPropertyWrappers (1.0.0)

DEPENDENCIES:
  - APPropertyWrappers (from `../`)

EXTERNAL SOURCES:
  APPropertyWrappers:
    :path: "../"

SPEC CHECKSUMS:
  APPropertyWrappers: 3bc3faa8a0a323d63678430948b378239275386e

PODFILE CHECKSUM: 2bd9361f831acac43b6bdfcae83f59705fef4e24

COCOAPODS: 1.10.1
